
Microsoft Visual Studio Solution File, Format Version 12.00
# Visual Studio 15
VisualStudioVersion = 15.0.27428.2037
MinimumVisualStudioVersion = 10.0.40219.1
Project("{FAE04EC0-301F-11D3-BF4B-00C04F79EFBC}") = "hd1sharp", "hd1sharp\hd1sharp.csproj", "{F46DBCCB-B7A4-44FF-872A-B69C34C559DF}"
EndProject
Project("{2150E333-8FDC-42A3-9474-1A3956D46DE8}") = "Solution Items", "Solution Items", "{E15FD2D5-F179-4CA5-B7DE-7D885FC7D439}"
EndProject
Global
	GlobalSection(SolutionConfigurationPlatforms) = preSolution
		Debug|Any CPU = Debug|Any CPU
		Release|Any CPU = Release|Any CPU
	EndGlobalSection
	GlobalSection(ProjectConfigurationPlatforms) = postSolution
		{F46DBCCB-B7A4-44FF-872A-B69C34C559DF}.Debug|Any CPU.ActiveCfg = Debug|Any CPU
		{F46DBCCB-B7A4-44FF-872A-B69C34C559DF}.Debug|Any CPU.Build.0 = Debug|Any CPU
		{F46DBCCB-B7A4-44FF-872A-B69C34C559DF}.Release|Any CPU.ActiveCfg = Release|Any CPU
		{F46DBCCB-B7A4-44FF-872A-B69C34C559DF}.Release|Any CPU.Build.0 = Release|Any CPU
	EndGlobalSection
	GlobalSection(SolutionProperties) = preSolution
		HideSolutionNode = FALSE
	EndGlobalSection
	GlobalSection(ExtensibilityGlobals) = postSolution
		SolutionGuid = {47FFDB46-6BE9-44F3-A5FC-4187B7B42497}
	EndGlobalSection
EndGlobal
